
Microsoft Visual Studio Solution File, Format Version 12.00
# Visual Studio 15
Project("{FAE04EC0-301F-11D3-BF4B-00C04F79EFBC}") = "CFXREditor", "CFXREditor.csproj", "{CD4D032F-B93A-A909-4F7C-E9511C5C7A5E}"
EndProject
Project("{FAE04EC0-301F-11D3-BF4B-00C04F79EFBC}") = "Assembly-CSharp", "Assembly-CSharp.csproj", "{6C84D0EA-2925-7506-2616-35A819DFB28B}"
EndProject
Project("{FAE04EC0-301F-11D3-BF4B-00C04F79EFBC}") = "Unity.AssetBundleBrowser.Editor", "Unity.AssetBundleBrowser.Editor.csproj", "{B2752CA0-2AEE-DD35-650A-2D11277C05A7}"
EndProject
Project("{FAE04EC0-301F-11D3-BF4B-00C04F79EFBC}") = "CFXRRuntime", "CFXRRuntime.csproj", "{89CE06D0-5302-A9A9-A4AB-710DD3145BD8}"
EndProject
Project("{FAE04EC0-301F-11D3-BF4B-00C04F79EFBC}") = "SRDemo", "SRDemo.csproj", "{B5BC10A5-AA56-A6B2-01D8-0222076272C1}"
EndProject
Project("{FAE04EC0-301F-11D3-BF4B-00C04F79EFBC}") = "SREditor-Editor", "SREditor-Editor.csproj", "{73BAA3C3-4C4C-BD6C-5BC0-42CB3420DACA}"
EndProject
Project("{FAE04EC0-301F-11D3-BF4B-00C04F79EFBC}") = "CFXR.WelcomeScreen", "CFXR.WelcomeScreen.csproj", "{B6777419-F866-BF02-223B-F1E33BDB3526}"
EndProject
Project("{FAE04EC0-301F-11D3-BF4B-00C04F79EFBC}") = "Assembly-CSharp-firstpass", "Assembly-CSharp-firstpass.csproj", "{686E3DD7-756A-1C09-1EA0-AD42C3CAE312}"
EndProject
Project("{FAE04EC0-301F-11D3-BF4B-00C04F79EFBC}") = "SREditor", "SREditor.csproj", "{4E2ADF31-EC86-122D-70C0-943F89FA12D7}"
EndProject
Project("{FAE04EC0-301F-11D3-BF4B-00C04F79EFBC}") = "CFXRDemo", "CFXRDemo.csproj", "{AEEA8286-D36B-5DE5-247A-CB21EC3FF6B8}"
EndProject
Project("{FAE04EC0-301F-11D3-BF4B-00C04F79EFBC}") = "NewTest", "NewTest.csproj", "{3DFFC87A-70FC-4460-E77B-8E920BCF2050}"
EndProject
Project("{FAE04EC0-301F-11D3-BF4B-00C04F79EFBC}") = "ToonyColorsPro.Demo.Editor", "ToonyColorsPro.Demo.Editor.csproj", "{D78E180E-BEDA-9EE6-17C0-518B9F0D3A81}"
EndProject
Project("{FAE04EC0-301F-11D3-BF4B-00C04F79EFBC}") = "SRDemo-Editor", "SRDemo-Editor.csproj", "{A26AB8CD-4550-8335-D0FF-B658BCAE2C88}"
EndProject
Project("{FAE04EC0-301F-11D3-BF4B-00C04F79EFBC}") = "KinoBloom.Runtime", "KinoBloom.Runtime.csproj", "{33F0BD45-61BD-C102-6096-58133AD0B31E}"
EndProject
Global
	GlobalSection(SolutionConfigurationPlatforms) = preSolution
		Debug|Any CPU = Debug|Any CPU
		Release|Any CPU = Release|Any CPU
	EndGlobalSection
	GlobalSection(ProjectConfigurationPlatforms) = postSolution
		{CD4D032F-B93A-A909-4F7C-E9511C5C7A5E}.Debug|Any CPU.ActiveCfg = Debug|Any CPU
		{CD4D032F-B93A-A909-4F7C-E9511C5C7A5E}.Debug|Any CPU.Build.0 = Debug|Any CPU
		{CD4D032F-B93A-A909-4F7C-E9511C5C7A5E}.Release|Any CPU.ActiveCfg = Release|Any CPU
		{CD4D032F-B93A-A909-4F7C-E9511C5C7A5E}.Release|Any CPU.Build.0 = Release|Any CPU
		{6C84D0EA-2925-7506-2616-35A819DFB28B}.Debug|Any CPU.ActiveCfg = Debug|Any CPU
		{6C84D0EA-2925-7506-2616-35A819DFB28B}.Debug|Any CPU.Build.0 = Debug|Any CPU
		{6C84D0EA-2925-7506-2616-35A819DFB28B}.Release|Any CPU.ActiveCfg = Release|Any CPU
		{6C84D0EA-2925-7506-2616-35A819DFB28B}.Release|Any CPU.Build.0 = Release|Any CPU
		{B2752CA0-2AEE-DD35-650A-2D11277C05A7}.Debug|Any CPU.ActiveCfg = Debug|Any CPU
		{B2752CA0-2AEE-DD35-650A-2D11277C05A7}.Debug|Any CPU.Build.0 = Debug|Any CPU
		{B2752CA0-2AEE-DD35-650A-2D11277C05A7}.Release|Any CPU.ActiveCfg = Release|Any CPU
		{B2752CA0-2AEE-DD35-650A-2D11277C05A7}.Release|Any CPU.Build.0 = Release|Any CPU
		{89CE06D0-5302-A9A9-A4AB-710DD3145BD8}.Debug|Any CPU.ActiveCfg = Debug|Any CPU
		{89CE06D0-5302-A9A9-A4AB-710DD3145BD8}.Debug|Any CPU.Build.0 = Debug|Any CPU
		{89CE06D0-5302-A9A9-A4AB-710DD3145BD8}.Release|Any CPU.ActiveCfg = Release|Any CPU
		{89CE06D0-5302-A9A9-A4AB-710DD3145BD8}.Release|Any CPU.Build.0 = Release|Any CPU
		{B5BC10A5-AA56-A6B2-01D8-0222076272C1}.Debug|Any CPU.ActiveCfg = Debug|Any CPU
		{B5BC10A5-AA56-A6B2-01D8-0222076272C1}.Debug|Any CPU.Build.0 = Debug|Any CPU
		{B5BC10A5-AA56-A6B2-01D8-0222076272C1}.Release|Any CPU.ActiveCfg = Release|Any CPU
		{B5BC10A5-AA56-A6B2-01D8-0222076272C1}.Release|Any CPU.Build.0 = Release|Any CPU
		{73BAA3C3-4C4C-BD6C-5BC0-42CB3420DACA}.Debug|Any CPU.ActiveCfg = Debug|Any CPU
		{73BAA3C3-4C4C-BD6C-5BC0-42CB3420DACA}.Debug|Any CPU.Build.0 = Debug|Any CPU
		{73BAA3C3-4C4C-BD6C-5BC0-42CB3420DACA}.Release|Any CPU.ActiveCfg = Release|Any CPU
		{73BAA3C3-4C4C-BD6C-5BC0-42CB3420DACA}.Release|Any CPU.Build.0 = Release|Any CPU
		{B6777419-F866-BF02-223B-F1E33BDB3526}.Debug|Any CPU.ActiveCfg = Debug|Any CPU
		{B6777419-F866-BF02-223B-F1E33BDB3526}.Debug|Any CPU.Build.0 = Debug|Any CPU
		{B6777419-F866-BF02-223B-F1E33BDB3526}.Release|Any CPU.ActiveCfg = Release|Any CPU
		{B6777419-F866-BF02-223B-F1E33BDB3526}.Release|Any CPU.Build.0 = Release|Any CPU
		{686E3DD7-756A-1C09-1EA0-AD42C3CAE312}.Debug|Any CPU.ActiveCfg = Debug|Any CPU
		{686E3DD7-756A-1C09-1EA0-AD42C3CAE312}.Debug|Any CPU.Build.0 = Debug|Any CPU
		{686E3DD7-756A-1C09-1EA0-AD42C3CAE312}.Release|Any CPU.ActiveCfg = Release|Any CPU
		{686E3DD7-756A-1C09-1EA0-AD42C3CAE312}.Release|Any CPU.Build.0 = Release|Any CPU
		{4E2ADF31-EC86-122D-70C0-943F89FA12D7}.Debug|Any CPU.ActiveCfg = Debug|Any CPU
		{4E2ADF31-EC86-122D-70C0-943F89FA12D7}.Debug|Any CPU.Build.0 = Debug|Any CPU
		{4E2ADF31-EC86-122D-70C0-943F89FA12D7}.Release|Any CPU.ActiveCfg = Release|Any CPU
		{4E2ADF31-EC86-122D-70C0-943F89FA12D7}.Release|Any CPU.Build.0 = Release|Any CPU
		{AEEA8286-D36B-5DE5-247A-CB21EC3FF6B8}.Debug|Any CPU.ActiveCfg = Debug|Any CPU
		{AEEA8286-D36B-5DE5-247A-CB21EC3FF6B8}.Debug|Any CPU.Build.0 = Debug|Any CPU
		{AEEA8286-D36B-5DE5-247A-CB21EC3FF6B8}.Release|Any CPU.ActiveCfg = Release|Any CPU
		{AEEA8286-D36B-5DE5-247A-CB21EC3FF6B8}.Release|Any CPU.Build.0 = Release|Any CPU
		{3DFFC87A-70FC-4460-E77B-8E920BCF2050}.Debug|Any CPU.ActiveCfg = Debug|Any CPU
		{3DFFC87A-70FC-4460-E77B-8E920BCF2050}.Debug|Any CPU.Build.0 = Debug|Any CPU
		{3DFFC87A-70FC-4460-E77B-8E920BCF2050}.Release|Any CPU.ActiveCfg = Release|Any CPU
		{3DFFC87A-70FC-4460-E77B-8E920BCF2050}.Release|Any CPU.Build.0 = Release|Any CPU
		{D78E180E-BEDA-9EE6-17C0-518B9F0D3A81}.Debug|Any CPU.ActiveCfg = Debug|Any CPU
		{D78E180E-BEDA-9EE6-17C0-518B9F0D3A81}.Debug|Any CPU.Build.0 = Debug|Any CPU
		{D78E180E-BEDA-9EE6-17C0-518B9F0D3A81}.Release|Any CPU.ActiveCfg = Release|Any CPU
		{D78E180E-BEDA-9EE6-17C0-518B9F0D3A81}.Release|Any CPU.Build.0 = Release|Any CPU
		{A26AB8CD-4550-8335-D0FF-B658BCAE2C88}.Debug|Any CPU.ActiveCfg = Debug|Any CPU
		{A26AB8CD-4550-8335-D0FF-B658BCAE2C88}.Debug|Any CPU.Build.0 = Debug|Any CPU
		{A26AB8CD-4550-8335-D0FF-B658BCAE2C88}.Release|Any CPU.ActiveCfg = Release|Any CPU
		{A26AB8CD-4550-8335-D0FF-B658BCAE2C88}.Release|Any CPU.Build.0 = Release|Any CPU
		{33F0BD45-61BD-C102-6096-58133AD0B31E}.Debug|Any CPU.ActiveCfg = Debug|Any CPU
		{33F0BD45-61BD-C102-6096-58133AD0B31E}.Debug|Any CPU.Build.0 = Debug|Any CPU
		{33F0BD45-61BD-C102-6096-58133AD0B31E}.Release|Any CPU.ActiveCfg = Release|Any CPU
		{33F0BD45-61BD-C102-6096-58133AD0B31E}.Release|Any CPU.Build.0 = Release|Any CPU
	EndGlobalSection
	GlobalSection(SolutionProperties) = preSolution
		HideSolutionNode = FALSE
	EndGlobalSection
EndGlobal
